
Microsoft Visual Studio Solution File, Format Version 12.00
# Visual Studio Version 17
VisualStudioVersion = 17.7.34018.315
MinimumVisualStudioVersion = 10.0.40219.1
Project("{FAE04EC0-301F-11D3-BF4B-00C04F79EFBC}") = "ConsoleApp&LoopsTask", "ConsoleApp&LoopsTask\ConsoleApp&LoopsTask.csproj", "{F01F9F04-E069-44B3-9656-FBF250C80443}"
EndProject
Global
	GlobalSection(SolutionConfigurationPlatforms) = preSolution
		Debug|Any CPU = Debug|Any CPU
		Release|Any CPU = Release|Any CPU
	EndGlobalSection
	GlobalSection(ProjectConfigurationPlatforms) = postSolution
		{F01F9F04-E069-44B3-9656-FBF250C80443}.Debug|Any CPU.ActiveCfg = Debug|Any CPU
		{F01F9F04-E069-44B3-9656-FBF250C80443}.Debug|Any CPU.Build.0 = Debug|Any CPU
		{F01F9F04-E069-44B3-9656-FBF250C80443}.Release|Any CPU.ActiveCfg = Release|Any CPU
		{F01F9F04-E069-44B3-9656-FBF250C80443}.Release|Any CPU.Build.0 = Release|Any CPU
	EndGlobalSection
	GlobalSection(SolutionProperties) = preSolution
		HideSolutionNode = FALSE
	EndGlobalSection
	GlobalSection(ExtensibilityGlobals) = postSolution
		SolutionGuid = {C0C90162-A10E-423C-BF7C-A46C29348A0F}
	EndGlobalSection
EndGlobal
